
Microsoft Visual Studio Solution File, Format Version 12.00
# Visual Studio Version 17
VisualStudioVersion = 17.8.34330.188
MinimumVisualStudioVersion = 10.0.40219.1
Project("{9A19103F-16F7-4668-BE54-9A1E7A4F7556}") = "BackendApp", "WebApplication1\BackendApp.csproj", "{AD36277E-DBEF-435E-AFCB-3B43A2CA356A}"
EndProject
Global
	GlobalSection(SolutionConfigurationPlatforms) = preSolution
		Debug|Any CPU = Debug|Any CPU
		Release|Any CPU = Release|Any CPU
	EndGlobalSection
	GlobalSection(ProjectConfigurationPlatforms) = postSolution
		{AD36277E-DBEF-435E-AFCB-3B43A2CA356A}.Debug|Any CPU.ActiveCfg = Debug|Any CPU
		{AD36277E-DBEF-435E-AFCB-3B43A2CA356A}.Debug|Any CPU.Build.0 = Debug|Any CPU
		{AD36277E-DBEF-435E-AFCB-3B43A2CA356A}.Release|Any CPU.ActiveCfg = Release|Any CPU
		{AD36277E-DBEF-435E-AFCB-3B43A2CA356A}.Release|Any CPU.Build.0 = Release|Any CPU
	EndGlobalSection
	GlobalSection(SolutionProperties) = preSolution
		HideSolutionNode = FALSE
	EndGlobalSection
	GlobalSection(ExtensibilityGlobals) = postSolution
		SolutionGuid = {850FB456-FE68-4FB0-8C44-938925A10B80}
	EndGlobalSection
EndGlobal
